
Microsoft Visual Studio Solution File, Format Version 12.00
# Visual Studio 15
VisualStudioVersion = 15.0.27130.2003
MinimumVisualStudioVersion = 10.0.40219.1
Project("{2150E333-8FDC-42A3-9474-1A3956D46DE8}") = "src", "src", "{AB8FDF9A-22DF-49C6-B874-0F0AD99A3565}"
EndProject
Project("{2150E333-8FDC-42A3-9474-1A3956D46DE8}") = "test", "test", "{F07E41BC-16E4-4D0A-A33A-11E58B394D61}"
EndProject
Project("{2150E333-8FDC-42A3-9474-1A3956D46DE8}") = "Services", "Services", "{E1EDB65C-E495-43D4-8907-D52388B83E92}"
EndProject
Project("{2150E333-8FDC-42A3-9474-1A3956D46DE8}") = "Web Apps", "Web Apps", "{A3E861C3-8E41-4351-859F-5DE268F7CB3D}"
EndProject
Project("{2150E333-8FDC-42A3-9474-1A3956D46DE8}") = "Services", "Services", "{F711E189-A0BD-4EF6-B6D6-7CB9D9239D97}"
EndProject
Project("{2150E333-8FDC-42A3-9474-1A3956D46DE8}") = "FacebookEvents", "FacebookEvents", "{3907A8EC-75DB-4B1C-AC25-6DFD4C856106}"
EndProject
Project("{2150E333-8FDC-42A3-9474-1A3956D46DE8}") = "GooglePlaces", "GooglePlaces", "{FFCC9D57-B483-4EF6-B154-3EB3D539DE89}"
EndProject
Project("{2150E333-8FDC-42A3-9474-1A3956D46DE8}") = "Identitiy", "Identitiy", "{C2E84290-3FD6-44EC-BC1E-CBBF2FF2E881}"
EndProject
Project("{2150E333-8FDC-42A3-9474-1A3956D46DE8}") = "UserList", "UserList", "{F60B9733-87B4-4DBB-8B2A-F0B8E91973D8}"
EndProject
Project("{9A19103F-16F7-4668-BE54-9A1E7A4F7556}") = "UserList.API", "UserList.API\UserList.API.csproj", "{CAE9B0F1-7A5C-4099-9A2C-4D39A9832A74}"
EndProject
Project("{9A19103F-16F7-4668-BE54-9A1E7A4F7556}") = "Data", "Data\Data.csproj", "{72D56E60-3222-47E9-B57E-9DCC95F0A2C9}"
EndProject
Project("{9A19103F-16F7-4668-BE54-9A1E7A4F7556}") = "Business", "Business\Business.csproj", "{C43D25A5-10E7-4A65-BFAB-43DAEA1A58CC}"
EndProject
Project("{9A19103F-16F7-4668-BE54-9A1E7A4F7556}") = "GoogleLocations.API", "C:\Users\Razvan Romanescu\source\repos\GoogleLocations\GoogleLocations.API\GoogleLocations.API.csproj", "{A37061E0-A39C-4BA2-A8F7-7320699FD4F7}"
EndProject
Project("{2150E333-8FDC-42A3-9474-1A3956D46DE8}") = "03-Presentation", "03-Presentation", "{543ED54A-9287-4AF7-9ED5-B50473A2E07A}"
EndProject
Project("{2150E333-8FDC-42A3-9474-1A3956D46DE8}") = "01-Data", "01-Data", "{EF5A7D83-1EA0-4444-A5E3-CAD4DDD36F35}"
EndProject
Project("{2150E333-8FDC-42A3-9474-1A3956D46DE8}") = "02-Business", "02-Business", "{838AC61A-4384-44C8-86A3-85C95BC4913B}"
EndProject
Project("{9A19103F-16F7-4668-BE54-9A1E7A4F7556}") = "DataDomain", "C:\Users\Razvan Romanescu\source\repos\GoogleLocations\DataDomain\DataDomain.csproj", "{6BE67EFD-5788-4A95-BA02-D5C966208891}"
EndProject
Project("{9A19103F-16F7-4668-BE54-9A1E7A4F7556}") = "DataPersistence", "C:\Users\Razvan Romanescu\source\repos\GoogleLocations\DataPersistence\DataPersistence.csproj", "{92F9DE7E-BE6F-48F3-BFA0-DBF4754C8933}"
EndProject
Project("{9A19103F-16F7-4668-BE54-9A1E7A4F7556}") = "BusinessLogic", "C:\Users\Razvan Romanescu\source\repos\GoogleLocations\BusinessLogic\BusinessLogic.csproj", "{33F63345-8EAA-4AB1-83A0-FB6F367802B9}"
EndProject
Global
	GlobalSection(SolutionConfigurationPlatforms) = preSolution
		Debug|Any CPU = Debug|Any CPU
		Release|Any CPU = Release|Any CPU
	EndGlobalSection
	GlobalSection(ProjectConfigurationPlatforms) = postSolution
		{CAE9B0F1-7A5C-4099-9A2C-4D39A9832A74}.Debug|Any CPU.ActiveCfg = Debug|Any CPU
		{CAE9B0F1-7A5C-4099-9A2C-4D39A9832A74}.Debug|Any CPU.Build.0 = Debug|Any CPU
		{CAE9B0F1-7A5C-4099-9A2C-4D39A9832A74}.Release|Any CPU.ActiveCfg = Release|Any CPU
		{CAE9B0F1-7A5C-4099-9A2C-4D39A9832A74}.Release|Any CPU.Build.0 = Release|Any CPU
		{72D56E60-3222-47E9-B57E-9DCC95F0A2C9}.Debug|Any CPU.ActiveCfg = Debug|Any CPU
		{72D56E60-3222-47E9-B57E-9DCC95F0A2C9}.Debug|Any CPU.Build.0 = Debug|Any CPU
		{72D56E60-3222-47E9-B57E-9DCC95F0A2C9}.Release|Any CPU.ActiveCfg = Release|Any CPU
		{72D56E60-3222-47E9-B57E-9DCC95F0A2C9}.Release|Any CPU.Build.0 = Release|Any CPU
		{C43D25A5-10E7-4A65-BFAB-43DAEA1A58CC}.Debug|Any CPU.ActiveCfg = Debug|Any CPU
		{C43D25A5-10E7-4A65-BFAB-43DAEA1A58CC}.Debug|Any CPU.Build.0 = Debug|Any CPU
		{C43D25A5-10E7-4A65-BFAB-43DAEA1A58CC}.Release|Any CPU.ActiveCfg = Release|Any CPU
		{C43D25A5-10E7-4A65-BFAB-43DAEA1A58CC}.Release|Any CPU.Build.0 = Release|Any CPU
		{A37061E0-A39C-4BA2-A8F7-7320699FD4F7}.Debug|Any CPU.ActiveCfg = Debug|Any CPU
		{A37061E0-A39C-4BA2-A8F7-7320699FD4F7}.Debug|Any CPU.Build.0 = Debug|Any CPU
		{A37061E0-A39C-4BA2-A8F7-7320699FD4F7}.Release|Any CPU.ActiveCfg = Release|Any CPU
		{A37061E0-A39C-4BA2-A8F7-7320699FD4F7}.Release|Any CPU.Build.0 = Release|Any CPU
		{6BE67EFD-5788-4A95-BA02-D5C966208891}.Debug|Any CPU.ActiveCfg = Debug|Any CPU
		{6BE67EFD-5788-4A95-BA02-D5C966208891}.Debug|Any CPU.Build.0 = Debug|Any CPU
		{6BE67EFD-5788-4A95-BA02-D5C966208891}.Release|Any CPU.ActiveCfg = Release|Any CPU
		{6BE67EFD-5788-4A95-BA02-D5C966208891}.Release|Any CPU.Build.0 = Release|Any CPU
		{92F9DE7E-BE6F-48F3-BFA0-DBF4754C8933}.Debug|Any CPU.ActiveCfg = Debug|Any CPU
		{92F9DE7E-BE6F-48F3-BFA0-DBF4754C8933}.Debug|Any CPU.Build.0 = Debug|Any CPU
		{92F9DE7E-BE6F-48F3-BFA0-DBF4754C8933}.Release|Any CPU.ActiveCfg = Release|Any CPU
		{92F9DE7E-BE6F-48F3-BFA0-DBF4754C8933}.Release|Any CPU.Build.0 = Release|Any CPU
		{33F63345-8EAA-4AB1-83A0-FB6F367802B9}.Debug|Any CPU.ActiveCfg = Debug|Any CPU
		{33F63345-8EAA-4AB1-83A0-FB6F367802B9}.Debug|Any CPU.Build.0 = Debug|Any CPU
		{33F63345-8EAA-4AB1-83A0-FB6F367802B9}.Release|Any CPU.ActiveCfg = Release|Any CPU
		{33F63345-8EAA-4AB1-83A0-FB6F367802B9}.Release|Any CPU.Build.0 = Release|Any CPU
	EndGlobalSection
	GlobalSection(SolutionProperties) = preSolution
		HideSolutionNode = FALSE
	EndGlobalSection
	GlobalSection(NestedProjects) = preSolution
		{E1EDB65C-E495-43D4-8907-D52388B83E92} = {AB8FDF9A-22DF-49C6-B874-0F0AD99A3565}
		{A3E861C3-8E41-4351-859F-5DE268F7CB3D} = {AB8FDF9A-22DF-49C6-B874-0F0AD99A3565}
		{F711E189-A0BD-4EF6-B6D6-7CB9D9239D97} = {F07E41BC-16E4-4D0A-A33A-11E58B394D61}
		{3907A8EC-75DB-4B1C-AC25-6DFD4C856106} = {E1EDB65C-E495-43D4-8907-D52388B83E92}
		{FFCC9D57-B483-4EF6-B154-3EB3D539DE89} = {E1EDB65C-E495-43D4-8907-D52388B83E92}
		{C2E84290-3FD6-44EC-BC1E-CBBF2FF2E881} = {E1EDB65C-E495-43D4-8907-D52388B83E92}
		{F60B9733-87B4-4DBB-8B2A-F0B8E91973D8} = {E1EDB65C-E495-43D4-8907-D52388B83E92}
		{CAE9B0F1-7A5C-4099-9A2C-4D39A9832A74} = {F60B9733-87B4-4DBB-8B2A-F0B8E91973D8}
		{72D56E60-3222-47E9-B57E-9DCC95F0A2C9} = {F60B9733-87B4-4DBB-8B2A-F0B8E91973D8}
		{C43D25A5-10E7-4A65-BFAB-43DAEA1A58CC} = {F60B9733-87B4-4DBB-8B2A-F0B8E91973D8}
		{A37061E0-A39C-4BA2-A8F7-7320699FD4F7} = {543ED54A-9287-4AF7-9ED5-B50473A2E07A}
		{543ED54A-9287-4AF7-9ED5-B50473A2E07A} = {FFCC9D57-B483-4EF6-B154-3EB3D539DE89}
		{EF5A7D83-1EA0-4444-A5E3-CAD4DDD36F35} = {FFCC9D57-B483-4EF6-B154-3EB3D539DE89}
		{838AC61A-4384-44C8-86A3-85C95BC4913B} = {FFCC9D57-B483-4EF6-B154-3EB3D539DE89}
		{6BE67EFD-5788-4A95-BA02-D5C966208891} = {EF5A7D83-1EA0-4444-A5E3-CAD4DDD36F35}
		{92F9DE7E-BE6F-48F3-BFA0-DBF4754C8933} = {EF5A7D83-1EA0-4444-A5E3-CAD4DDD36F35}
		{33F63345-8EAA-4AB1-83A0-FB6F367802B9} = {838AC61A-4384-44C8-86A3-85C95BC4913B}
	EndGlobalSection
	GlobalSection(ExtensibilityGlobals) = postSolution
		SolutionGuid = {DDB3D1A0-E06D-40F8-8C18-490B418D0C40}
	EndGlobalSection
EndGlobal
