
Microsoft Visual Studio Solution File, Format Version 12.00
# Visual Studio 15
VisualStudioVersion = 15.0.27130.2020
MinimumVisualStudioVersion = 10.0.40219.1
Project("{9A19103F-16F7-4668-BE54-9A1E7A4F7556}") = "WebApi", "WebApi.csproj", "{BFBB8B5D-1099-4640-A143-D281EB83FF95}"
EndProject
Global
	GlobalSection(SolutionConfigurationPlatforms) = preSolution
		Debug|Any CPU = Debug|Any CPU
		Release|Any CPU = Release|Any CPU
	EndGlobalSection
	GlobalSection(ProjectConfigurationPlatforms) = postSolution
		{BFBB8B5D-1099-4640-A143-D281EB83FF95}.Debug|Any CPU.ActiveCfg = Debug|Any CPU
		{BFBB8B5D-1099-4640-A143-D281EB83FF95}.Debug|Any CPU.Build.0 = Debug|Any CPU
		{BFBB8B5D-1099-4640-A143-D281EB83FF95}.Release|Any CPU.ActiveCfg = Release|Any CPU
		{BFBB8B5D-1099-4640-A143-D281EB83FF95}.Release|Any CPU.Build.0 = Release|Any CPU
	EndGlobalSection
	GlobalSection(SolutionProperties) = preSolution
		HideSolutionNode = FALSE
	EndGlobalSection
	GlobalSection(ExtensibilityGlobals) = postSolution
		SolutionGuid = {E394F5AA-998D-4E44-8B3D-0C0E5297D442}
	EndGlobalSection
EndGlobal
