
Microsoft Visual Studio Solution File, Format Version 12.00
# Visual Studio 15
VisualStudioVersion = 15.0.26730.16
MinimumVisualStudioVersion = 10.0.40219.1
Project("{9A19103F-16F7-4668-BE54-9A1E7A4F7556}") = "Notifications", "Notifications\Notifications.csproj", "{42CAB94A-9D26-4E22-B502-B4737EDB8614}"
EndProject
Project("{2150E333-8FDC-42A3-9474-1A3956D46DE8}") = "Data", "Data", "{083E80CE-BB7B-4788-88ED-A3BC2BE82582}"
EndProject
Project("{FAE04EC0-301F-11D3-BF4B-00C04F79EFBC}") = "Data.Domain", "Data.Domain\Data.Domain.csproj", "{46791DAC-DDBD-4DDD-9D73-6DA8F21ACDBD}"
EndProject
Global
	GlobalSection(SolutionConfigurationPlatforms) = preSolution
		Debug|Any CPU = Debug|Any CPU
		Release|Any CPU = Release|Any CPU
	EndGlobalSection
	GlobalSection(ProjectConfigurationPlatforms) = postSolution
		{42CAB94A-9D26-4E22-B502-B4737EDB8614}.Debug|Any CPU.ActiveCfg = Debug|Any CPU
		{42CAB94A-9D26-4E22-B502-B4737EDB8614}.Debug|Any CPU.Build.0 = Debug|Any CPU
		{42CAB94A-9D26-4E22-B502-B4737EDB8614}.Release|Any CPU.ActiveCfg = Release|Any CPU
		{42CAB94A-9D26-4E22-B502-B4737EDB8614}.Release|Any CPU.Build.0 = Release|Any CPU
		{46791DAC-DDBD-4DDD-9D73-6DA8F21ACDBD}.Debug|Any CPU.ActiveCfg = Debug|Any CPU
		{46791DAC-DDBD-4DDD-9D73-6DA8F21ACDBD}.Debug|Any CPU.Build.0 = Debug|Any CPU
		{46791DAC-DDBD-4DDD-9D73-6DA8F21ACDBD}.Release|Any CPU.ActiveCfg = Release|Any CPU
		{46791DAC-DDBD-4DDD-9D73-6DA8F21ACDBD}.Release|Any CPU.Build.0 = Release|Any CPU
	EndGlobalSection
	GlobalSection(SolutionProperties) = preSolution
		HideSolutionNode = FALSE
	EndGlobalSection
	GlobalSection(NestedProjects) = preSolution
		{46791DAC-DDBD-4DDD-9D73-6DA8F21ACDBD} = {083E80CE-BB7B-4788-88ED-A3BC2BE82582}
	EndGlobalSection
	GlobalSection(ExtensibilityGlobals) = postSolution
		SolutionGuid = {C8F75046-BCCA-4FC7-A2A7-23D053DE9505}
	EndGlobalSection
EndGlobal
